// !$*UTF8*$!
{
	archiveVersion = 1;
	classes = {
	};
	objectVersion = 46;
	objects = {

/* Begin PBXBuildFile section */
		910D50DB17427EA000A05EC7 /* CFNetwork.framework in Frameworks */ = {isa = PBXBuildFile; fileRef = 910D50DA17427EA000A05EC7 /* CFNetwork.framework */; };
		910D50DD17427F2800A05EC7 /* MobileCoreServices.framework in Frameworks */ = {isa = PBXBuildFile; fileRef = 910D50DC17427F2800A05EC7 /* MobileCoreServices.framework */; };
		910D50E117427F8500A05EC7 /* SystemConfiguration.framework in Frameworks */ = {isa = PBXBuildFile; fileRef = 910D50E017427F8500A05EC7 /* SystemConfiguration.framework */; };
		910D50E91742802F00A05EC7 /* libz.1.2.5.dylib in Frameworks */ = {isa = PBXBuildFile; fileRef = 910D50E81742802F00A05EC7 /* libz.1.2.5.dylib */; };
		91428FAA173A7B5700C7374F /* MapViewController.m in Sources */ = {isa = PBXBuildFile; fileRef = 91428FA8173A7B5700C7374F /* MapViewController.m */; };
		91428FAB173A7B5700C7374F /* MapViewController.xib in Resources */ = {isa = PBXBuildFile; fileRef = 91428FA9173A7B5700C7374F /* MapViewController.xib */; };
		91428FAD173A7C6A00C7374F /* MapKit.framework in Frameworks */ = {isa = PBXBuildFile; fileRef = 91428FAC173A7C6A00C7374F /* MapKit.framework */; };
		91428FB0173A7CE200C7374F /* MapViewAnnotation.m in Sources */ = {isa = PBXBuildFile; fileRef = 91428FAF173A7CE200C7374F /* MapViewAnnotation.m */; };
		91428FC3173A988C00C7374F /* ShowResultViewController.m in Sources */ = {isa = PBXBuildFile; fileRef = 91428FC1173A988B00C7374F /* ShowResultViewController.m */; };
		91428FC4173A988C00C7374F /* ShowResultViewController.xib in Resources */ = {isa = PBXBuildFile; fileRef = 91428FC2173A988C00C7374F /* ShowResultViewController.xib */; };
		91536A30174BB8010000E4BE /* ASIAuthenticationDialog.m in Sources */ = {isa = PBXBuildFile; fileRef = 91536A0A174BB8010000E4BE /* ASIAuthenticationDialog.m */; settings = {COMPILER_FLAGS = "-fno-objc-arc"; }; };
		91536A31174BB8010000E4BE /* ASIDataCompressor.m in Sources */ = {isa = PBXBuildFile; fileRef = 91536A0D174BB8010000E4BE /* ASIDataCompressor.m */; settings = {COMPILER_FLAGS = "-fno-objc-arc"; }; };
		91536A32174BB8010000E4BE /* ASIDataDecompressor.m in Sources */ = {isa = PBXBuildFile; fileRef = 91536A0F174BB8010000E4BE /* ASIDataDecompressor.m */; settings = {COMPILER_FLAGS = "-fno-objc-arc"; }; };
		91536A33174BB8010000E4BE /* ASIDownloadCache.m in Sources */ = {isa = PBXBuildFile; fileRef = 91536A11174BB8010000E4BE /* ASIDownloadCache.m */; settings = {COMPILER_FLAGS = "-fno-objc-arc"; }; };
		91536A34174BB8010000E4BE /* ASIFormDataRequest.m in Sources */ = {isa = PBXBuildFile; fileRef = 91536A13174BB8010000E4BE /* ASIFormDataRequest.m */; settings = {COMPILER_FLAGS = "-fno-objc-arc"; }; };
		91536A35174BB8010000E4BE /* ASIHTTPRequest.m in Sources */ = {isa = PBXBuildFile; fileRef = 91536A15174BB8010000E4BE /* ASIHTTPRequest.m */; settings = {COMPILER_FLAGS = "-fno-objc-arc"; }; };
		91536A36174BB8010000E4BE /* ASIInputStream.m in Sources */ = {isa = PBXBuildFile; fileRef = 91536A19174BB8010000E4BE /* ASIInputStream.m */; settings = {COMPILER_FLAGS = "-fno-objc-arc"; }; };
		91536A37174BB8010000E4BE /* ASINetworkQueue.m in Sources */ = {isa = PBXBuildFile; fileRef = 91536A1B174BB8010000E4BE /* ASINetworkQueue.m */; settings = {COMPILER_FLAGS = "-fno-objc-arc"; }; };
		91536A38174BB8010000E4BE /* Reachability.m in Sources */ = {isa = PBXBuildFile; fileRef = 91536A1E174BB8010000E4BE /* Reachability.m */; settings = {COMPILER_FLAGS = "-fno-objc-arc"; }; };
		91536A39174BB8010000E4BE /* JSON.LICENSE in Resources */ = {isa = PBXBuildFile; fileRef = 91536A21174BB8010000E4BE /* JSON.LICENSE */; };
		91536A3A174BB8010000E4BE /* JSON.Readme in Resources */ = {isa = PBXBuildFile; fileRef = 91536A22174BB8010000E4BE /* JSON.Readme */; };
		91536A3B174BB8010000E4BE /* NSObject+SBJSON.m in Sources */ = {isa = PBXBuildFile; fileRef = 91536A24174BB8010000E4BE /* NSObject+SBJSON.m */; settings = {COMPILER_FLAGS = "-fno-objc-arc"; }; };
		91536A3C174BB8010000E4BE /* NSString+SBJSON.m in Sources */ = {isa = PBXBuildFile; fileRef = 91536A26174BB8010000E4BE /* NSString+SBJSON.m */; settings = {COMPILER_FLAGS = "-fno-objc-arc"; }; };
		91536A3D174BB8010000E4BE /* SBJsonBase.m in Sources */ = {isa = PBXBuildFile; fileRef = 91536A28174BB8010000E4BE /* SBJsonBase.m */; settings = {COMPILER_FLAGS = "-fno-objc-arc"; }; };
		91536A3E174BB8010000E4BE /* SBJsonParser.m in Sources */ = {isa = PBXBuildFile; fileRef = 91536A2A174BB8010000E4BE /* SBJsonParser.m */; settings = {COMPILER_FLAGS = "-fno-objc-arc"; }; };
		91536A3F174BB8010000E4BE /* SBJsonWriter.m in Sources */ = {isa = PBXBuildFile; fileRef = 91536A2C174BB8010000E4BE /* SBJsonWriter.m */; settings = {COMPILER_FLAGS = "-fno-objc-arc"; }; };
		91536A40174BB8010000E4BE /* TDBadgedCell.m in Sources */ = {isa = PBXBuildFile; fileRef = 91536A2F174BB8010000E4BE /* TDBadgedCell.m */; settings = {COMPILER_FLAGS = "-fno-objc-arc"; }; };
		916162E816E63971003E0824 /* UIKit.framework in Frameworks */ = {isa = PBXBuildFile; fileRef = 916162E716E63971003E0824 /* UIKit.framework */; };
		916162EA16E63971003E0824 /* Foundation.framework in Frameworks */ = {isa = PBXBuildFile; fileRef = 916162E916E63971003E0824 /* Foundation.framework */; };
		916162EC16E63971003E0824 /* CoreGraphics.framework in Frameworks */ = {isa = PBXBuildFile; fileRef = 916162EB16E63971003E0824 /* CoreGraphics.framework */; };
		916162F216E63971003E0824 /* InfoPlist.strings in Resources */ = {isa = PBXBuildFile; fileRef = 916162F016E63971003E0824 /* InfoPlist.strings */; };
		916162F416E63971003E0824 /* main.m in Sources */ = {isa = PBXBuildFile; fileRef = 916162F316E63971003E0824 /* main.m */; };
		916162F816E63971003E0824 /* AppDelegate.m in Sources */ = {isa = PBXBuildFile; fileRef = 916162F716E63971003E0824 /* AppDelegate.m */; };
		916162FA16E63971003E0824 /* Default.png in Resources */ = {isa = PBXBuildFile; fileRef = 916162F916E63971003E0824 /* Default.png */; };
		916162FC16E63971003E0824 /* Default@2x.png in Resources */ = {isa = PBXBuildFile; fileRef = 916162FB16E63971003E0824 /* Default@2x.png */; };
		916162FE16E63971003E0824 /* Default-568h@2x.png in Resources */ = {isa = PBXBuildFile; fileRef = 916162FD16E63971003E0824 /* Default-568h@2x.png */; };
		9161630116E63971003E0824 /* LoginViewController.m in Sources */ = {isa = PBXBuildFile; fileRef = 9161630016E63971003E0824 /* LoginViewController.m */; };
		9161630416E63971003E0824 /* LoginViewController.xib in Resources */ = {isa = PBXBuildFile; fileRef = 9161630216E63971003E0824 /* LoginViewController.xib */; };
		91625C161709C6CE00F79934 /* RegisterFormViewController.m in Sources */ = {isa = PBXBuildFile; fileRef = 91625C141709C6CE00F79934 /* RegisterFormViewController.m */; };
		91625C171709C6CE00F79934 /* RegisterFormViewController.xib in Resources */ = {isa = PBXBuildFile; fileRef = 91625C151709C6CE00F79934 /* RegisterFormViewController.xib */; };
		91625C1B1709CF2800F79934 /* MainViewController.m in Sources */ = {isa = PBXBuildFile; fileRef = 91625C191709CF2700F79934 /* MainViewController.m */; };
		91625C1C1709CF2800F79934 /* MainViewController.xib in Resources */ = {isa = PBXBuildFile; fileRef = 91625C1A1709CF2800F79934 /* MainViewController.xib */; };
		91625C201709D2BC00F79934 /* EditProfileViewController.m in Sources */ = {isa = PBXBuildFile; fileRef = 91625C1E1709D2BC00F79934 /* EditProfileViewController.m */; };
		91625C211709D2BC00F79934 /* EditProfileViewController.xib in Resources */ = {isa = PBXBuildFile; fileRef = 91625C1F1709D2BC00F79934 /* EditProfileViewController.xib */; };
		91F3C29E172FF27900E00995 /* SearchTypeViewController.m in Sources */ = {isa = PBXBuildFile; fileRef = 91F3C29C172FF27900E00995 /* SearchTypeViewController.m */; };
		91F3C29F172FF27900E00995 /* SearchTypeViewController.xib in Resources */ = {isa = PBXBuildFile; fileRef = 91F3C29D172FF27900E00995 /* SearchTypeViewController.xib */; };
		91F3C2A3172FFE4700E00995 /* UtilitiesViewController.m in Sources */ = {isa = PBXBuildFile; fileRef = 91F3C2A1172FFE4600E00995 /* UtilitiesViewController.m */; };
		91F3C2A4172FFE4700E00995 /* UtilitiesViewController.xib in Resources */ = {isa = PBXBuildFile; fileRef = 91F3C2A2172FFE4600E00995 /* UtilitiesViewController.xib */; };
		91F3C2A8173007AF00E00995 /* RestaurantsViewController.m in Sources */ = {isa = PBXBuildFile; fileRef = 91F3C2A6173007AE00E00995 /* RestaurantsViewController.m */; };
		91F3C2A9173007AF00E00995 /* RestaurantsViewController.xib in Resources */ = {isa = PBXBuildFile; fileRef = 91F3C2A7173007AF00E00995 /* RestaurantsViewController.xib */; };
		91F3C2B8173297C600E00995 /* MyUIViewController.m in Sources */ = {isa = PBXBuildFile; fileRef = 91F3C2B7173297C600E00995 /* MyUIViewController.m */; };
		91F3C2BA1732AD9400E00995 /* QuartzCore.framework in Frameworks */ = {isa = PBXBuildFile; fileRef = 91F3C2B91732AD9400E00995 /* QuartzCore.framework */; };
		91F3C2BE1733E35800E00995 /* SportsViewController.m in Sources */ = {isa = PBXBuildFile; fileRef = 91F3C2BC1733E35800E00995 /* SportsViewController.m */; };
		91F3C2BF1733E35800E00995 /* SportsViewController.xib in Resources */ = {isa = PBXBuildFile; fileRef = 91F3C2BD1733E35800E00995 /* SportsViewController.xib */; };
		91F3C2C31733E37100E00995 /* CultureViewController.m in Sources */ = {isa = PBXBuildFile; fileRef = 91F3C2C11733E37000E00995 /* CultureViewController.m */; };
		91F3C2C41733E37100E00995 /* CultureViewController.xib in Resources */ = {isa = PBXBuildFile; fileRef = 91F3C2C21733E37100E00995 /* CultureViewController.xib */; };
/* End PBXBuildFile section */

/* Begin PBXFileReference section */
		910D50DA17427EA000A05EC7 /* CFNetwork.framework */ = {isa = PBXFileReference; lastKnownFileType = wrapper.framework; name = CFNetwork.framework; path = System/Library/Frameworks/CFNetwork.framework; sourceTree = SDKROOT; };
		910D50DC17427F2800A05EC7 /* MobileCoreServices.framework */ = {isa = PBXFileReference; lastKnownFileType = wrapper.framework; name = MobileCoreServices.framework; path = System/Library/Frameworks/MobileCoreServices.framework; sourceTree = SDKROOT; };
		910D50E017427F8500A05EC7 /* SystemConfiguration.framework */ = {isa = PBXFileReference; lastKnownFileType = wrapper.framework; name = SystemConfiguration.framework; path = System/Library/Frameworks/SystemConfiguration.framework; sourceTree = SDKROOT; };
		910D50E81742802F00A05EC7 /* libz.1.2.5.dylib */ = {isa = PBXFileReference; lastKnownFileType = "compiled.mach-o.dylib"; name = libz.1.2.5.dylib; path = usr/lib/libz.1.2.5.dylib; sourceTree = SDKROOT; };
		91428FA7173A7B5700C7374F /* MapViewController.h */ = {isa = PBXFileReference; fileEncoding = 4; lastKnownFileType = sourcecode.c.h; path = MapViewController.h; sourceTree = "<group>"; };
		91428FA8173A7B5700C7374F /* MapViewController.m */ = {isa = PBXFileReference; fileEncoding = 4; lastKnownFileType = sourcecode.c.objc; path = MapViewController.m; sourceTree = "<group>"; };
		91428FA9173A7B5700C7374F /* MapViewController.xib */ = {isa = PBXFileReference; fileEncoding = 4; lastKnownFileType = file.xib; path = MapViewController.xib; sourceTree = "<group>"; };
		91428FAC173A7C6A00C7374F /* MapKit.framework */ = {isa = PBXFileReference; lastKnownFileType = wrapper.framework; name = MapKit.framework; path = System/Library/Frameworks/MapKit.framework; sourceTree = SDKROOT; };
		91428FAE173A7CE200C7374F /* MapViewAnnotation.h */ = {isa = PBXFileReference; fileEncoding = 4; lastKnownFileType = sourcecode.c.h; path = MapViewAnnotation.h; sourceTree = "<group>"; };
		91428FAF173A7CE200C7374F /* MapViewAnnotation.m */ = {isa = PBXFileReference; fileEncoding = 4; lastKnownFileType = sourcecode.c.objc; path = MapViewAnnotation.m; sourceTree = "<group>"; };
		91428FC0173A988B00C7374F /* ShowResultViewController.h */ = {isa = PBXFileReference; fileEncoding = 4; lastKnownFileType = sourcecode.c.h; path = ShowResultViewController.h; sourceTree = "<group>"; };
		91428FC1173A988B00C7374F /* ShowResultViewController.m */ = {isa = PBXFileReference; fileEncoding = 4; lastKnownFileType = sourcecode.c.objc; path = ShowResultViewController.m; sourceTree = "<group>"; };
		91428FC2173A988C00C7374F /* ShowResultViewController.xib */ = {isa = PBXFileReference; fileEncoding = 4; lastKnownFileType = file.xib; path = ShowResultViewController.xib; sourceTree = "<group>"; };
		91536A09174BB8010000E4BE /* ASIAuthenticationDialog.h */ = {isa = PBXFileReference; fileEncoding = 4; lastKnownFileType = sourcecode.c.h; path = ASIAuthenticationDialog.h; sourceTree = "<group>"; };
		91536A0A174BB8010000E4BE /* ASIAuthenticationDialog.m */ = {isa = PBXFileReference; fileEncoding = 4; lastKnownFileType = sourcecode.c.objc; path = ASIAuthenticationDialog.m; sourceTree = "<group>"; };
		91536A0B174BB8010000E4BE /* ASICacheDelegate.h */ = {isa = PBXFileReference; fileEncoding = 4; lastKnownFileType = sourcecode.c.h; path = ASICacheDelegate.h; sourceTree = "<group>"; };
		91536A0C174BB8010000E4BE /* ASIDataCompressor.h */ = {isa = PBXFileReference; fileEncoding = 4; lastKnownFileType = sourcecode.c.h; path = ASIDataCompressor.h; sourceTree = "<group>"; };
		91536A0D174BB8010000E4BE /* ASIDataCompressor.m */ = {isa = PBXFileReference; fileEncoding = 4; lastKnownFileType = sourcecode.c.objc; path = ASIDataCompressor.m; sourceTree = "<group>"; };
		91536A0E174BB8010000E4BE /* ASIDataDecompressor.h */ = {isa = PBXFileReference; fileEncoding = 4; lastKnownFileType = sourcecode.c.h; path = ASIDataDecompressor.h; sourceTree = "<group>"; };
		91536A0F174BB8010000E4BE /* ASIDataDecompressor.m */ = {isa = PBXFileReference; fileEncoding = 4; lastKnownFileType = sourcecode.c.objc; path = ASIDataDecompressor.m; sourceTree = "<group>"; };
		91536A10174BB8010000E4BE /* ASIDownloadCache.h */ = {isa = PBXFileReference; fileEncoding = 4; lastKnownFileType = sourcecode.c.h; path = ASIDownloadCache.h; sourceTree = "<group>"; };
		91536A11174BB8010000E4BE /* ASIDownloadCache.m */ = {isa = PBXFileReference; fileEncoding = 4; lastKnownFileType = sourcecode.c.objc; path = ASIDownloadCache.m; sourceTree = "<group>"; };
		91536A12174BB8010000E4BE /* ASIFormDataRequest.h */ = {isa = PBXFileReference; fileEncoding = 4; lastKnownFileType = sourcecode.c.h; path = ASIFormDataRequest.h; sourceTree = "<group>"; };
		91536A13174BB8010000E4BE /* ASIFormDataRequest.m */ = {isa = PBXFileReference; fileEncoding = 4; lastKnownFileType = sourcecode.c.objc; path = ASIFormDataRequest.m; sourceTree = "<group>"; };
		91536A14174BB8010000E4BE /* ASIHTTPRequest.h */ = {isa = PBXFileReference; fileEncoding = 4; lastKnownFileType = sourcecode.c.h; path = ASIHTTPRequest.h; sourceTree = "<group>"; };
		91536A15174BB8010000E4BE /* ASIHTTPRequest.m */ = {isa = PBXFileReference; fileEncoding = 4; lastKnownFileType = sourcecode.c.objc; path = ASIHTTPRequest.m; sourceTree = "<group>"; };
		91536A16174BB8010000E4BE /* ASIHTTPRequestConfig.h */ = {isa = PBXFileReference; fileEncoding = 4; lastKnownFileType = sourcecode.c.h; path = ASIHTTPRequestConfig.h; sourceTree = "<group>"; };
		91536A17174BB8010000E4BE /* ASIHTTPRequestDelegate.h */ = {isa = PBXFileReference; fileEncoding = 4; lastKnownFileType = sourcecode.c.h; path = ASIHTTPRequestDelegate.h; sourceTree = "<group>"; };
		91536A18174BB8010000E4BE /* ASIInputStream.h */ = {isa = PBXFileReference; fileEncoding = 4; lastKnownFileType = sourcecode.c.h; path = ASIInputStream.h; sourceTree = "<group>"; };
		91536A19174BB8010000E4BE /* ASIInputStream.m */ = {isa = PBXFileReference; fileEncoding = 4; lastKnownFileType = sourcecode.c.objc; path = ASIInputStream.m; sourceTree = "<group>"; };
		91536A1A174BB8010000E4BE /* ASINetworkQueue.h */ = {isa = PBXFileReference; fileEncoding = 4; lastKnownFileType = sourcecode.c.h; path = ASINetworkQueue.h; sourceTree = "<group>"; };
		91536A1B174BB8010000E4BE /* ASINetworkQueue.m */ = {isa = PBXFileReference; fileEncoding = 4; lastKnownFileType = sourcecode.c.objc; path = ASINetworkQueue.m; sourceTree = "<group>"; };
		91536A1C174BB8010000E4BE /* ASIProgressDelegate.h */ = {isa = PBXFileReference; fileEncoding = 4; lastKnownFileType = sourcecode.c.h; path = ASIProgressDelegate.h; sourceTree = "<group>"; };
		91536A1D174BB8010000E4BE /* Reachability.h */ = {isa = PBXFileReference; fileEncoding = 4; lastKnownFileType = sourcecode.c.h; path = Reachability.h; sourceTree = "<group>"; };
		91536A1E174BB8010000E4BE /* Reachability.m */ = {isa = PBXFileReference; fileEncoding = 4; lastKnownFileType = sourcecode.c.objc; path = Reachability.m; sourceTree = "<group>"; };
		91536A20174BB8010000E4BE /* JSON.h */ = {isa = PBXFileReference; fileEncoding = 4; lastKnownFileType = sourcecode.c.h; path = JSON.h; sourceTree = "<group>"; };
		91536A21174BB8010000E4BE /* JSON.LICENSE */ = {isa = PBXFileReference; fileEncoding = 4; lastKnownFileType = text; path = JSON.LICENSE; sourceTree = "<group>"; };
		91536A22174BB8010000E4BE /* JSON.Readme */ = {isa = PBXFileReference; fileEncoding = 4; lastKnownFileType = text; path = JSON.Readme; sourceTree = "<group>"; };
		91536A23174BB8010000E4BE /* NSObject+SBJSON.h */ = {isa = PBXFileReference; fileEncoding = 4; lastKnownFileType = sourcecode.c.h; path = "NSObject+SBJSON.h"; sourceTree = "<group>"; };
		91536A24174BB8010000E4BE /* NSObject+SBJSON.m */ = {isa = PBXFileReference; fileEncoding = 4; lastKnownFileType = sourcecode.c.objc; path = "NSObject+SBJSON.m"; sourceTree = "<group>"; };
		91536A25174BB8010000E4BE /* NSString+SBJSON.h */ = {isa = PBXFileReference; fileEncoding = 4; lastKnownFileType = sourcecode.c.h; path = "NSString+SBJSON.h"; sourceTree = "<group>"; };
		91536A26174BB8010000E4BE /* NSString+SBJSON.m */ = {isa = PBXFileReference; fileEncoding = 4; lastKnownFileType = sourcecode.c.objc; path = "NSString+SBJSON.m"; sourceTree = "<group>"; };
		91536A27174BB8010000E4BE /* SBJsonBase.h */ = {isa = PBXFileReference; fileEncoding = 4; lastKnownFileType = sourcecode.c.h; path = SBJsonBase.h; sourceTree = "<group>"; };
		91536A28174BB8010000E4BE /* SBJsonBase.m */ = {isa = PBXFileReference; fileEncoding = 4; lastKnownFileType = sourcecode.c.objc; path = SBJsonBase.m; sourceTree = "<group>"; };
		91536A29174BB8010000E4BE /* SBJsonParser.h */ = {isa = PBXFileReference; fileEncoding = 4; lastKnownFileType = sourcecode.c.h; path = SBJsonParser.h; sourceTree = "<group>"; };
		91536A2A174BB8010000E4BE /* SBJsonParser.m */ = {isa = PBXFileReference; fileEncoding = 4; lastKnownFileType = sourcecode.c.objc; path = SBJsonParser.m; sourceTree = "<group>"; };
		91536A2B174BB8010000E4BE /* SBJsonWriter.h */ = {isa = PBXFileReference; fileEncoding = 4; lastKnownFileType = sourcecode.c.h; path = SBJsonWriter.h; sourceTree = "<group>"; };
		91536A2C174BB8010000E4BE /* SBJsonWriter.m */ = {isa = PBXFileReference; fileEncoding = 4; lastKnownFileType = sourcecode.c.objc; path = SBJsonWriter.m; sourceTree = "<group>"; };
		91536A2E174BB8010000E4BE /* TDBadgedCell.h */ = {isa = PBXFileReference; fileEncoding = 4; lastKnownFileType = sourcecode.c.h; path = TDBadgedCell.h; sourceTree = "<group>"; };
		91536A2F174BB8010000E4BE /* TDBadgedCell.m */ = {isa = PBXFileReference; fileEncoding = 4; lastKnownFileType = sourcecode.c.objc; path = TDBadgedCell.m; sourceTree = "<group>"; };
		916162E416E63971003E0824 /* PFC.app */ = {isa = PBXFileReference; explicitFileType = wrapper.application; includeInIndex = 0; path = PFC.app; sourceTree = BUILT_PRODUCTS_DIR; };
		916162E716E63971003E0824 /* UIKit.framework */ = {isa = PBXFileReference; lastKnownFileType = wrapper.framework; name = UIKit.framework; path = System/Library/Frameworks/UIKit.framework; sourceTree = SDKROOT; };
		916162E916E63971003E0824 /* Foundation.framework */ = {isa = PBXFileReference; lastKnownFileType = wrapper.framework; name = Foundation.framework; path = System/Library/Frameworks/Foundation.framework; sourceTree = SDKROOT; };
		916162EB16E63971003E0824 /* CoreGraphics.framework */ = {isa = PBXFileReference; lastKnownFileType = wrapper.framework; name = CoreGraphics.framework; path = System/Library/Frameworks/CoreGraphics.framework; sourceTree = SDKROOT; };
		916162EF16E63971003E0824 /* PFC-Info.plist */ = {isa = PBXFileReference; lastKnownFileType = text.plist.xml; path = "PFC-Info.plist"; sourceTree = "<group>"; };
		916162F116E63971003E0824 /* en */ = {isa = PBXFileReference; lastKnownFileType = text.plist.strings; name = en; path = en.lproj/InfoPlist.strings; sourceTree = "<group>"; };
		916162F316E63971003E0824 /* main.m */ = {isa = PBXFileReference; lastKnownFileType = sourcecode.c.objc; path = main.m; sourceTree = "<group>"; };
		916162F516E63971003E0824 /* PFC-Prefix.pch */ = {isa = PBXFileReference; lastKnownFileType = sourcecode.c.h; path = "PFC-Prefix.pch"; sourceTree = "<group>"; };
		916162F616E63971003E0824 /* AppDelegate.h */ = {isa = PBXFileReference; lastKnownFileType = sourcecode.c.h; path = AppDelegate.h; sourceTree = "<group>"; };
		916162F716E63971003E0824 /* AppDelegate.m */ = {isa = PBXFileReference; lastKnownFileType = sourcecode.c.objc; path = AppDelegate.m; sourceTree = "<group>"; };
		916162F916E63971003E0824 /* Default.png */ = {isa = PBXFileReference; lastKnownFileType = image.png; path = Default.png; sourceTree = "<group>"; };
		916162FB16E63971003E0824 /* Default@2x.png */ = {isa = PBXFileReference; lastKnownFileType = image.png; path = "Default@2x.png"; sourceTree = "<group>"; };
		916162FD16E63971003E0824 /* Default-568h@2x.png */ = {isa = PBXFileReference; lastKnownFileType = image.png; path = "Default-568h@2x.png"; sourceTree = "<group>"; };
		916162FF16E63971003E0824 /* LoginViewController.h */ = {isa = PBXFileReference; lastKnownFileType = sourcecode.c.h; path = LoginViewController.h; sourceTree = "<group>"; };
		9161630016E63971003E0824 /* LoginViewController.m */ = {isa = PBXFileReference; lastKnownFileType = sourcecode.c.objc; path = LoginViewController.m; sourceTree = "<group>"; };
		9161630316E63971003E0824 /* en */ = {isa = PBXFileReference; lastKnownFileType = file.xib; name = en; path = en.lproj/LoginViewController.xib; sourceTree = "<group>"; };
		91625C131709C6CE00F79934 /* RegisterFormViewController.h */ = {isa = PBXFileReference; fileEncoding = 4; lastKnownFileType = sourcecode.c.h; path = RegisterFormViewController.h; sourceTree = "<group>"; };
		91625C141709C6CE00F79934 /* RegisterFormViewController.m */ = {isa = PBXFileReference; fileEncoding = 4; lastKnownFileType = sourcecode.c.objc; path = RegisterFormViewController.m; sourceTree = "<group>"; };
		91625C151709C6CE00F79934 /* RegisterFormViewController.xib */ = {isa = PBXFileReference; fileEncoding = 4; lastKnownFileType = file.xib; path = RegisterFormViewController.xib; sourceTree = "<group>"; };
		91625C181709CF2700F79934 /* MainViewController.h */ = {isa = PBXFileReference; fileEncoding = 4; lastKnownFileType = sourcecode.c.h; path = MainViewController.h; sourceTree = "<group>"; };
		91625C191709CF2700F79934 /* MainViewController.m */ = {isa = PBXFileReference; fileEncoding = 4; lastKnownFileType = sourcecode.c.objc; path = MainViewController.m; sourceTree = "<group>"; };
		91625C1A1709CF2800F79934 /* MainViewController.xib */ = {isa = PBXFileReference; fileEncoding = 4; lastKnownFileType = file.xib; path = MainViewController.xib; sourceTree = "<group>"; };
		91625C1D1709D2BB00F79934 /* EditProfileViewController.h */ = {isa = PBXFileReference; fileEncoding = 4; lastKnownFileType = sourcecode.c.h; path = EditProfileViewController.h; sourceTree = "<group>"; };
		91625C1E1709D2BC00F79934 /* EditProfileViewController.m */ = {isa = PBXFileReference; fileEncoding = 4; lastKnownFileType = sourcecode.c.objc; path = EditProfileViewController.m; sourceTree = "<group>"; };
		91625C1F1709D2BC00F79934 /* EditProfileViewController.xib */ = {isa = PBXFileReference; fileEncoding = 4; lastKnownFileType = file.xib; path = EditProfileViewController.xib; sourceTree = "<group>"; };
		91F3C29B172FF27900E00995 /* SearchTypeViewController.h */ = {isa = PBXFileReference; fileEncoding = 4; lastKnownFileType = sourcecode.c.h; path = SearchTypeViewController.h; sourceTree = "<group>"; };
		91F3C29C172FF27900E00995 /* SearchTypeViewController.m */ = {isa = PBXFileReference; fileEncoding = 4; lastKnownFileType = sourcecode.c.objc; path = SearchTypeViewController.m; sourceTree = "<group>"; };
		91F3C29D172FF27900E00995 /* SearchTypeViewController.xib */ = {isa = PBXFileReference; fileEncoding = 4; lastKnownFileType = file.xib; path = SearchTypeViewController.xib; sourceTree = "<group>"; };
		91F3C2A0172FFE4600E00995 /* UtilitiesViewController.h */ = {isa = PBXFileReference; fileEncoding = 4; lastKnownFileType = sourcecode.c.h; path = UtilitiesViewController.h; sourceTree = "<group>"; };
		91F3C2A1172FFE4600E00995 /* UtilitiesViewController.m */ = {isa = PBXFileReference; fileEncoding = 4; lastKnownFileType = sourcecode.c.objc; path = UtilitiesViewController.m; sourceTree = "<group>"; };
		91F3C2A2172FFE4600E00995 /* UtilitiesViewController.xib */ = {isa = PBXFileReference; fileEncoding = 4; lastKnownFileType = file.xib; path = UtilitiesViewController.xib; sourceTree = "<group>"; };
		91F3C2A5173007AE00E00995 /* RestaurantsViewController.h */ = {isa = PBXFileReference; fileEncoding = 4; lastKnownFileType = sourcecode.c.h; path = RestaurantsViewController.h; sourceTree = "<group>"; };
		91F3C2A6173007AE00E00995 /* RestaurantsViewController.m */ = {isa = PBXFileReference; fileEncoding = 4; lastKnownFileType = sourcecode.c.objc; path = RestaurantsViewController.m; sourceTree = "<group>"; };
		91F3C2A7173007AF00E00995 /* RestaurantsViewController.xib */ = {isa = PBXFileReference; fileEncoding = 4; lastKnownFileType = file.xib; path = RestaurantsViewController.xib; sourceTree = "<group>"; };
		91F3C2B6173297C600E00995 /* MyUIViewController.h */ = {isa = PBXFileReference; fileEncoding = 4; lastKnownFileType = sourcecode.c.h; path = MyUIViewController.h; sourceTree = "<group>"; };
		91F3C2B7173297C600E00995 /* MyUIViewController.m */ = {isa = PBXFileReference; fileEncoding = 4; lastKnownFileType = sourcecode.c.objc; path = MyUIViewController.m; sourceTree = "<group>"; };
		91F3C2B91732AD9400E00995 /* QuartzCore.framework */ = {isa = PBXFileReference; lastKnownFileType = wrapper.framework; name = QuartzCore.framework; path = System/Library/Frameworks/QuartzCore.framework; sourceTree = SDKROOT; };
		91F3C2BB1733E35700E00995 /* SportsViewController.h */ = {isa = PBXFileReference; fileEncoding = 4; lastKnownFileType = sourcecode.c.h; path = SportsViewController.h; sourceTree = "<group>"; };
		91F3C2BC1733E35800E00995 /* SportsViewController.m */ = {isa = PBXFileReference; fileEncoding = 4; lastKnownFileType = sourcecode.c.objc; path = SportsViewController.m; sourceTree = "<group>"; };
		91F3C2BD1733E35800E00995 /* SportsViewController.xib */ = {isa = PBXFileReference; fileEncoding = 4; lastKnownFileType = file.xib; path = SportsViewController.xib; sourceTree = "<group>"; };
		91F3C2C01733E37000E00995 /* CultureViewController.h */ = {isa = PBXFileReference; fileEncoding = 4; lastKnownFileType = sourcecode.c.h; path = CultureViewController.h; sourceTree = "<group>"; };
		91F3C2C11733E37000E00995 /* CultureViewController.m */ = {isa = PBXFileReference; fileEncoding = 4; lastKnownFileType = sourcecode.c.objc; path = CultureViewController.m; sourceTree = "<group>"; };
		91F3C2C21733E37100E00995 /* CultureViewController.xib */ = {isa = PBXFileReference; fileEncoding = 4; lastKnownFileType = file.xib; path = CultureViewController.xib; sourceTree = "<group>"; };
/* End PBXFileReference section */

/* Begin PBXFrameworksBuildPhase section */
		916162E116E63971003E0824 /* Frameworks */ = {
			isa = PBXFrameworksBuildPhase;
			buildActionMask = 2147483647;
			files = (
				910D50E91742802F00A05EC7 /* libz.1.2.5.dylib in Frameworks */,
				910D50E117427F8500A05EC7 /* SystemConfiguration.framework in Frameworks */,
				910D50DD17427F2800A05EC7 /* MobileCoreServices.framework in Frameworks */,
				910D50DB17427EA000A05EC7 /* CFNetwork.framework in Frameworks */,
				91428FAD173A7C6A00C7374F /* MapKit.framework in Frameworks */,
				91F3C2BA1732AD9400E00995 /* QuartzCore.framework in Frameworks */,
				916162E816E63971003E0824 /* UIKit.framework in Frameworks */,
				916162EA16E63971003E0824 /* Foundation.framework in Frameworks */,
				916162EC16E63971003E0824 /* CoreGraphics.framework in Frameworks */,
			);
			runOnlyForDeploymentPostprocessing = 0;
		};
/* End PBXFrameworksBuildPhase section */

/* Begin PBXGroup section */
		91536A08174BB8010000E4BE /* ASIHttpRequest */ = {
			isa = PBXGroup;
			children = (
				91536A09174BB8010000E4BE /* ASIAuthenticationDialog.h */,
				91536A0A174BB8010000E4BE /* ASIAuthenticationDialog.m */,
				91536A0B174BB8010000E4BE /* ASICacheDelegate.h */,
				91536A0C174BB8010000E4BE /* ASIDataCompressor.h */,
				91536A0D174BB8010000E4BE /* ASIDataCompressor.m */,
				91536A0E174BB8010000E4BE /* ASIDataDecompressor.h */,
				91536A0F174BB8010000E4BE /* ASIDataDecompressor.m */,
				91536A10174BB8010000E4BE /* ASIDownloadCache.h */,
				91536A11174BB8010000E4BE /* ASIDownloadCache.m */,
				91536A12174BB8010000E4BE /* ASIFormDataRequest.h */,
				91536A13174BB8010000E4BE /* ASIFormDataRequest.m */,
				91536A14174BB8010000E4BE /* ASIHTTPRequest.h */,
				91536A15174BB8010000E4BE /* ASIHTTPRequest.m */,
				91536A16174BB8010000E4BE /* ASIHTTPRequestConfig.h */,
				91536A17174BB8010000E4BE /* ASIHTTPRequestDelegate.h */,
				91536A18174BB8010000E4BE /* ASIInputStream.h */,
				91536A19174BB8010000E4BE /* ASIInputStream.m */,
				91536A1A174BB8010000E4BE /* ASINetworkQueue.h */,
				91536A1B174BB8010000E4BE /* ASINetworkQueue.m */,
				91536A1C174BB8010000E4BE /* ASIProgressDelegate.h */,
				91536A1D174BB8010000E4BE /* Reachability.h */,
				91536A1E174BB8010000E4BE /* Reachability.m */,
			);
			name = ASIHttpRequest;
			path = ../ASIHttpRequest;
			sourceTree = "<group>";
		};
		91536A1F174BB8010000E4BE /* JSON */ = {
			isa = PBXGroup;
			children = (
				91536A20174BB8010000E4BE /* JSON.h */,
				91536A21174BB8010000E4BE /* JSON.LICENSE */,
				91536A22174BB8010000E4BE /* JSON.Readme */,
				91536A23174BB8010000E4BE /* NSObject+SBJSON.h */,
				91536A24174BB8010000E4BE /* NSObject+SBJSON.m */,
				91536A25174BB8010000E4BE /* NSString+SBJSON.h */,
				91536A26174BB8010000E4BE /* NSString+SBJSON.m */,
				91536A27174BB8010000E4BE /* SBJsonBase.h */,
				91536A28174BB8010000E4BE /* SBJsonBase.m */,
				91536A29174BB8010000E4BE /* SBJsonParser.h */,
				91536A2A174BB8010000E4BE /* SBJsonParser.m */,
				91536A2B174BB8010000E4BE /* SBJsonWriter.h */,
				91536A2C174BB8010000E4BE /* SBJsonWriter.m */,
			);
			name = JSON;
			path = ../JSON;
			sourceTree = "<group>";
		};
		91536A2D174BB8010000E4BE /* TDBadgedCell */ = {
			isa = PBXGroup;
			children = (
				91536A2E174BB8010000E4BE /* TDBadgedCell.h */,
				91536A2F174BB8010000E4BE /* TDBadgedCell.m */,
			);
			name = TDBadgedCell;
			path = ../TDBadgedCell;
			sourceTree = "<group>";
		};
		916162DB16E63971003E0824 = {
			isa = PBXGroup;
			children = (
				916162ED16E63971003E0824 /* PFC */,
				916162E616E63971003E0824 /* Frameworks */,
				916162E516E63971003E0824 /* Products */,
			);
			sourceTree = "<group>";
		};
		916162E516E63971003E0824 /* Products */ = {
			isa = PBXGroup;
			children = (
				916162E416E63971003E0824 /* PFC.app */,
			);
			name = Products;
			sourceTree = "<group>";
		};
		916162E616E63971003E0824 /* Frameworks */ = {
			isa = PBXGroup;
			children = (
				910D50E81742802F00A05EC7 /* libz.1.2.5.dylib */,
				910D50E017427F8500A05EC7 /* SystemConfiguration.framework */,
				910D50DC17427F2800A05EC7 /* MobileCoreServices.framework */,
				910D50DA17427EA000A05EC7 /* CFNetwork.framework */,
				91428FAC173A7C6A00C7374F /* MapKit.framework */,
				91F3C2B91732AD9400E00995 /* QuartzCore.framework */,
				916162E716E63971003E0824 /* UIKit.framework */,
				916162E916E63971003E0824 /* Foundation.framework */,
				916162EB16E63971003E0824 /* CoreGraphics.framework */,
			);
			name = Frameworks;
			sourceTree = "<group>";
		};
		916162ED16E63971003E0824 /* PFC */ = {
			isa = PBXGroup;
			children = (
				916162F616E63971003E0824 /* AppDelegate.h */,
				916162F716E63971003E0824 /* AppDelegate.m */,
				916162FF16E63971003E0824 /* LoginViewController.h */,
				9161630016E63971003E0824 /* LoginViewController.m */,
				9161630216E63971003E0824 /* LoginViewController.xib */,
				91625C131709C6CE00F79934 /* RegisterFormViewController.h */,
				91625C141709C6CE00F79934 /* RegisterFormViewController.m */,
				91625C151709C6CE00F79934 /* RegisterFormViewController.xib */,
				91625C1D1709D2BB00F79934 /* EditProfileViewController.h */,
				91625C1E1709D2BC00F79934 /* EditProfileViewController.m */,
				91625C1F1709D2BC00F79934 /* EditProfileViewController.xib */,
				91625C181709CF2700F79934 /* MainViewController.h */,
				91625C191709CF2700F79934 /* MainViewController.m */,
				91625C1A1709CF2800F79934 /* MainViewController.xib */,
				91F3C29B172FF27900E00995 /* SearchTypeViewController.h */,
				91F3C29C172FF27900E00995 /* SearchTypeViewController.m */,
				91F3C29D172FF27900E00995 /* SearchTypeViewController.xib */,
				91428FC0173A988B00C7374F /* ShowResultViewController.h */,
				91428FC1173A988B00C7374F /* ShowResultViewController.m */,
				91428FC2173A988C00C7374F /* ShowResultViewController.xib */,
				91428FA7173A7B5700C7374F /* MapViewController.h */,
				91428FA8173A7B5700C7374F /* MapViewController.m */,
				91428FA9173A7B5700C7374F /* MapViewController.xib */,
				91F3C2C01733E37000E00995 /* CultureViewController.h */,
				91F3C2C11733E37000E00995 /* CultureViewController.m */,
				91F3C2C21733E37100E00995 /* CultureViewController.xib */,
				91F3C2BB1733E35700E00995 /* SportsViewController.h */,
				91F3C2BC1733E35800E00995 /* SportsViewController.m */,
				91F3C2BD1733E35800E00995 /* SportsViewController.xib */,
				91F3C2A5173007AE00E00995 /* RestaurantsViewController.h */,
				91F3C2A6173007AE00E00995 /* RestaurantsViewController.m */,
				91F3C2A7173007AF00E00995 /* RestaurantsViewController.xib */,
				91F3C2A0172FFE4600E00995 /* UtilitiesViewController.h */,
				91F3C2A1172FFE4600E00995 /* UtilitiesViewController.m */,
				91F3C2A2172FFE4600E00995 /* UtilitiesViewController.xib */,
				91F3C2B6173297C600E00995 /* MyUIViewController.h */,
				91F3C2B7173297C600E00995 /* MyUIViewController.m */,
				91428FAE173A7CE200C7374F /* MapViewAnnotation.h */,
				91428FAF173A7CE200C7374F /* MapViewAnnotation.m */,
				91716B4E174BADE90043BFD1 /* Dependencies */,
				916162EE16E63971003E0824 /* Supporting Files */,
			);
			path = PFC;
			sourceTree = "<group>";
		};
		916162EE16E63971003E0824 /* Supporting Files */ = {
			isa = PBXGroup;
			children = (
				916162EF16E63971003E0824 /* PFC-Info.plist */,
				916162F016E63971003E0824 /* InfoPlist.strings */,
				916162F316E63971003E0824 /* main.m */,
				916162F516E63971003E0824 /* PFC-Prefix.pch */,
				916162F916E63971003E0824 /* Default.png */,
				916162FB16E63971003E0824 /* Default@2x.png */,
				916162FD16E63971003E0824 /* Default-568h@2x.png */,
			);
			name = "Supporting Files";
			sourceTree = "<group>";
		};
		91716B4E174BADE90043BFD1 /* Dependencies */ = {
			isa = PBXGroup;
			children = (
				91536A08174BB8010000E4BE /* ASIHttpRequest */,
				91536A1F174BB8010000E4BE /* JSON */,
				91536A2D174BB8010000E4BE /* TDBadgedCell */,
			);
			name = Dependencies;
			sourceTree = "<group>";
		};
/* End PBXGroup section */

/* Begin PBXNativeTarget section */
		916162E316E63971003E0824 /* PFC */ = {
			isa = PBXNativeTarget;
			buildConfigurationList = 9161630716E63971003E0824 /* Build configuration list for PBXNativeTarget "PFC" */;
			buildPhases = (
				916162E016E63971003E0824 /* Sources */,
				916162E116E63971003E0824 /* Frameworks */,
				916162E216E63971003E0824 /* Resources */,
			);
			buildRules = (
			);
			dependencies = (
			);
			name = PFC;
			productName = PFC;
			productReference = 916162E416E63971003E0824 /* PFC.app */;
			productType = "com.apple.product-type.application";
		};
/* End PBXNativeTarget section */

/* Begin PBXProject section */
		916162DC16E63971003E0824 /* Project object */ = {
			isa = PBXProject;
			attributes = {
				LastUpgradeCheck = 0460;
				ORGANIZATIONNAME = "Felipe Rasinhas";
			};
			buildConfigurationList = 916162DF16E63971003E0824 /* Build configuration list for PBXProject "PFC" */;
			compatibilityVersion = "Xcode 3.2";
			developmentRegion = English;
			hasScannedForEncodings = 0;
			knownRegions = (
				en,
				English,
			);
			mainGroup = 916162DB16E63971003E0824;
			productRefGroup = 916162E516E63971003E0824 /* Products */;
			projectDirPath = "";
			projectRoot = "";
			targets = (
				916162E316E63971003E0824 /* PFC */,
			);
		};
/* End PBXProject section */

/* Begin PBXResourcesBuildPhase section */
		916162E216E63971003E0824 /* Resources */ = {
			isa = PBXResourcesBuildPhase;
			buildActionMask = 2147483647;
			files = (
				916162F216E63971003E0824 /* InfoPlist.strings in Resources */,
				916162FA16E63971003E0824 /* Default.png in Resources */,
				916162FC16E63971003E0824 /* Default@2x.png in Resources */,
				916162FE16E63971003E0824 /* Default-568h@2x.png in Resources */,
				9161630416E63971003E0824 /* LoginViewController.xib in Resources */,
				91625C171709C6CE00F79934 /* RegisterFormViewController.xib in Resources */,
				91625C1C1709CF2800F79934 /* MainViewController.xib in Resources */,
				91625C211709D2BC00F79934 /* EditProfileViewController.xib in Resources */,
				91F3C29F172FF27900E00995 /* SearchTypeViewController.xib in Resources */,
				91F3C2A4172FFE4700E00995 /* UtilitiesViewController.xib in Resources */,
				91F3C2A9173007AF00E00995 /* RestaurantsViewController.xib in Resources */,
				91F3C2BF1733E35800E00995 /* SportsViewController.xib in Resources */,
				91F3C2C41733E37100E00995 /* CultureViewController.xib in Resources */,
				91428FAB173A7B5700C7374F /* MapViewController.xib in Resources */,
				91428FC4173A988C00C7374F /* ShowResultViewController.xib in Resources */,
				91536A39174BB8010000E4BE /* JSON.LICENSE in Resources */,
				91536A3A174BB8010000E4BE /* JSON.Readme in Resources */,
			);
			runOnlyForDeploymentPostprocessing = 0;
		};
/* End PBXResourcesBuildPhase section */

/* Begin PBXSourcesBuildPhase section */
		916162E016E63971003E0824 /* Sources */ = {
			isa = PBXSourcesBuildPhase;
			buildActionMask = 2147483647;
			files = (
				916162F416E63971003E0824 /* main.m in Sources */,
				916162F816E63971003E0824 /* AppDelegate.m in Sources */,
				9161630116E63971003E0824 /* LoginViewController.m in Sources */,
				91625C161709C6CE00F79934 /* RegisterFormViewController.m in Sources */,
				91625C1B1709CF2800F79934 /* MainViewController.m in Sources */,
				91625C201709D2BC00F79934 /* EditProfileViewController.m in Sources */,
				91F3C29E172FF27900E00995 /* SearchTypeViewController.m in Sources */,
				91F3C2A3172FFE4700E00995 /* UtilitiesViewController.m in Sources */,
				91F3C2A8173007AF00E00995 /* RestaurantsViewController.m in Sources */,
				91F3C2B8173297C600E00995 /* MyUIViewController.m in Sources */,
				91F3C2BE1733E35800E00995 /* SportsViewController.m in Sources */,
				91F3C2C31733E37100E00995 /* CultureViewController.m in Sources */,
				91428FAA173A7B5700C7374F /* MapViewController.m in Sources */,
				91428FB0173A7CE200C7374F /* MapViewAnnotation.m in Sources */,
				91428FC3173A988C00C7374F /* ShowResultViewController.m in Sources */,
				91536A30174BB8010000E4BE /* ASIAuthenticationDialog.m in Sources */,
				91536A31174BB8010000E4BE /* ASIDataCompressor.m in Sources */,
				91536A32174BB8010000E4BE /* ASIDataDecompressor.m in Sources */,
				91536A33174BB8010000E4BE /* ASIDownloadCache.m in Sources */,
				91536A34174BB8010000E4BE /* ASIFormDataRequest.m in Sources */,
				91536A35174BB8010000E4BE /* ASIHTTPRequest.m in Sources */,
				91536A36174BB8010000E4BE /* ASIInputStream.m in Sources */,
				91536A37174BB8010000E4BE /* ASINetworkQueue.m in Sources */,
				91536A38174BB8010000E4BE /* Reachability.m in Sources */,
				91536A3B174BB8010000E4BE /* NSObject+SBJSON.m in Sources */,
				91536A3C174BB8010000E4BE /* NSString+SBJSON.m in Sources */,
				91536A3D174BB8010000E4BE /* SBJsonBase.m in Sources */,
				91536A3E174BB8010000E4BE /* SBJsonParser.m in Sources */,
				91536A3F174BB8010000E4BE /* SBJsonWriter.m in Sources */,
				91536A40174BB8010000E4BE /* TDBadgedCell.m in Sources */,
			);
			runOnlyForDeploymentPostprocessing = 0;
		};
/* End PBXSourcesBuildPhase section */

/* Begin PBXVariantGroup section */
		916162F016E63971003E0824 /* InfoPlist.strings */ = {
			isa = PBXVariantGroup;
			children = (
				916162F116E63971003E0824 /* en */,
			);
			name = InfoPlist.strings;
			sourceTree = "<group>";
		};
		9161630216E63971003E0824 /* LoginViewController.xib */ = {
			isa = PBXVariantGroup;
			children = (
				9161630316E63971003E0824 /* en */,
			);
			name = LoginViewController.xib;
			sourceTree = "<group>";
		};
/* End PBXVariantGroup section */

/* Begin XCBuildConfiguration section */
		9161630516E63971003E0824 /* Debug */ = {
			isa = XCBuildConfiguration;
			buildSettings = {
				ALWAYS_SEARCH_USER_PATHS = NO;
				CLANG_CXX_LANGUAGE_STANDARD = "gnu++0x";
				CLANG_CXX_LIBRARY = "libc++";
				CLANG_ENABLE_OBJC_ARC = YES;
				CLANG_WARN_CONSTANT_CONVERSION = YES;
				CLANG_WARN_EMPTY_BODY = YES;
				CLANG_WARN_ENUM_CONVERSION = YES;
				CLANG_WARN_INT_CONVERSION = YES;
				CLANG_WARN__DUPLICATE_METHOD_MATCH = YES;
				"CODE_SIGN_IDENTITY[sdk=iphoneos*]" = "iPhone Developer";
				COPY_PHASE_STRIP = NO;
				GCC_C_LANGUAGE_STANDARD = gnu99;
				GCC_DYNAMIC_NO_PIC = NO;
				GCC_OPTIMIZATION_LEVEL = 0;
				GCC_PREPROCESSOR_DEFINITIONS = (
					"DEBUG=1",
					"$(inherited)",
				);
				GCC_SYMBOLS_PRIVATE_EXTERN = NO;
				GCC_WARN_ABOUT_RETURN_TYPE = YES;
				GCC_WARN_UNINITIALIZED_AUTOS = YES;
				GCC_WARN_UNUSED_VARIABLE = YES;
				HEADER_SEARCH_PATHS = "";
				IPHONEOS_DEPLOYMENT_TARGET = 6.1;
				ONLY_ACTIVE_ARCH = YES;
				SDKROOT = iphoneos;
			};
			name = Debug;
		};
		9161630616E63971003E0824 /* Release */ = {
			isa = XCBuildConfiguration;
			buildSettings = {
				ALWAYS_SEARCH_USER_PATHS = NO;
				CLANG_CXX_LANGUAGE_STANDARD = "gnu++0x";
				CLANG_CXX_LIBRARY = "libc++";
				CLANG_ENABLE_OBJC_ARC = YES;
				CLANG_WARN_CONSTANT_CONVERSION = YES;
				CLANG_WARN_EMPTY_BODY = YES;
				CLANG_WARN_ENUM_CONVERSION = YES;
				CLANG_WARN_INT_CONVERSION = YES;
				CLANG_WARN__DUPLICATE_METHOD_MATCH = YES;
				"CODE_SIGN_IDENTITY[sdk=iphoneos*]" = "iPhone Developer";
				COPY_PHASE_STRIP = YES;
				GCC_C_LANGUAGE_STANDARD = gnu99;
				GCC_WARN_ABOUT_RETURN_TYPE = YES;
				GCC_WARN_UNINITIALIZED_AUTOS = YES;
				GCC_WARN_UNUSED_VARIABLE = YES;
				HEADER_SEARCH_PATHS = "";
				IPHONEOS_DEPLOYMENT_TARGET = 6.1;
				OTHER_CFLAGS = "-DNS_BLOCK_ASSERTIONS=1";
				SDKROOT = iphoneos;
				VALIDATE_PRODUCT = YES;
			};
			name = Release;
		};
		9161630816E63971003E0824 /* Debug */ = {
			isa = XCBuildConfiguration;
			buildSettings = {
				FRAMEWORK_SEARCH_PATHS = "$(inherited)";
				GCC_PRECOMPILE_PREFIX_HEADER = YES;
				GCC_PREFIX_HEADER = "PFC/PFC-Prefix.pch";
				INFOPLIST_FILE = "PFC/PFC-Info.plist";
				PRODUCT_NAME = "$(TARGET_NAME)";
				WRAPPER_EXTENSION = app;
			};
			name = Debug;
		};
		9161630916E63971003E0824 /* Release */ = {
			isa = XCBuildConfiguration;
			buildSettings = {
				FRAMEWORK_SEARCH_PATHS = "$(inherited)";
				GCC_PRECOMPILE_PREFIX_HEADER = YES;
				GCC_PREFIX_HEADER = "PFC/PFC-Prefix.pch";
				INFOPLIST_FILE = "PFC/PFC-Info.plist";
				PRODUCT_NAME = "$(TARGET_NAME)";
				WRAPPER_EXTENSION = app;
			};
			name = Release;
		};
/* End XCBuildConfiguration section */

/* Begin XCConfigurationList section */
		916162DF16E63971003E0824 /* Build configuration list for PBXProject "PFC" */ = {
			isa = XCConfigurationList;
			buildConfigurations = (
				9161630516E63971003E0824 /* Debug */,
				9161630616E63971003E0824 /* Release */,
			);
			defaultConfigurationIsVisible = 0;
			defaultConfigurationName = Release;
		};
		9161630716E63971003E0824 /* Build configuration list for PBXNativeTarget "PFC" */ = {
			isa = XCConfigurationList;
			buildConfigurations = (
				9161630816E63971003E0824 /* Debug */,
				9161630916E63971003E0824 /* Release */,
			);
			defaultConfigurationIsVisible = 0;
			defaultConfigurationName = Release;
		};
/* End XCConfigurationList section */
	};
	rootObject = 916162DC16E63971003E0824 /* Project object */;
}
